
Microsoft Visual Studio Solution File, Format Version 12.00
# Visual Studio Version 17
VisualStudioVersion = 17.0.31903.59
MinimumVisualStudioVersion = 10.0.40219.1
Project("{FAE04EC0-301F-11D3-BF4B-00C04F79EFBC}") = "KASHOP.PL", "KASHOP.PL\KASHOP.PL.csproj", "{55E08C6C-B719-48F4-B1E7-BCDB8C7AB58E}"
EndProject
Project("{FAE04EC0-301F-11D3-BF4B-00C04F79EFBC}") = "KASHOP.BLL", "KASHOP.BLL\KASHOP.BLL.csproj", "{F5FE2EDE-ADB6-4333-986E-64BE07E5F955}"
EndProject
Project("{FAE04EC0-301F-11D3-BF4B-00C04F79EFBC}") = "KASHOP.DAL", "KASHOP.DAL\KASHOP.DAL.csproj", "{11CBFD0A-5F42-410F-A3A0-934687269C54}"
EndProject
Global
	GlobalSection(SolutionConfigurationPlatforms) = preSolution
		Debug|Any CPU = Debug|Any CPU
		Debug|x64 = Debug|x64
		Debug|x86 = Debug|x86
		Release|Any CPU = Release|Any CPU
		Release|x64 = Release|x64
		Release|x86 = Release|x86
	EndGlobalSection
	GlobalSection(ProjectConfigurationPlatforms) = postSolution
		{55E08C6C-B719-48F4-B1E7-BCDB8C7AB58E}.Debug|Any CPU.ActiveCfg = Debug|Any CPU
		{55E08C6C-B719-48F4-B1E7-BCDB8C7AB58E}.Debug|Any CPU.Build.0 = Debug|Any CPU
		{55E08C6C-B719-48F4-B1E7-BCDB8C7AB58E}.Debug|x64.ActiveCfg = Debug|Any CPU
		{55E08C6C-B719-48F4-B1E7-BCDB8C7AB58E}.Debug|x64.Build.0 = Debug|Any CPU
		{55E08C6C-B719-48F4-B1E7-BCDB8C7AB58E}.Debug|x86.ActiveCfg = Debug|Any CPU
		{55E08C6C-B719-48F4-B1E7-BCDB8C7AB58E}.Debug|x86.Build.0 = Debug|Any CPU
		{55E08C6C-B719-48F4-B1E7-BCDB8C7AB58E}.Release|Any CPU.ActiveCfg = Release|Any CPU
		{55E08C6C-B719-48F4-B1E7-BCDB8C7AB58E}.Release|Any CPU.Build.0 = Release|Any CPU
		{55E08C6C-B719-48F4-B1E7-BCDB8C7AB58E}.Release|x64.ActiveCfg = Release|Any CPU
		{55E08C6C-B719-48F4-B1E7-BCDB8C7AB58E}.Release|x64.Build.0 = Release|Any CPU
		{55E08C6C-B719-48F4-B1E7-BCDB8C7AB58E}.Release|x86.ActiveCfg = Release|Any CPU
		{55E08C6C-B719-48F4-B1E7-BCDB8C7AB58E}.Release|x86.Build.0 = Release|Any CPU
		{F5FE2EDE-ADB6-4333-986E-64BE07E5F955}.Debug|Any CPU.ActiveCfg = Debug|Any CPU
		{F5FE2EDE-ADB6-4333-986E-64BE07E5F955}.Debug|Any CPU.Build.0 = Debug|Any CPU
		{F5FE2EDE-ADB6-4333-986E-64BE07E5F955}.Debug|x64.ActiveCfg = Debug|Any CPU
		{F5FE2EDE-ADB6-4333-986E-64BE07E5F955}.Debug|x64.Build.0 = Debug|Any CPU
		{F5FE2EDE-ADB6-4333-986E-64BE07E5F955}.Debug|x86.ActiveCfg = Debug|Any CPU
		{F5FE2EDE-ADB6-4333-986E-64BE07E5F955}.Debug|x86.Build.0 = Debug|Any CPU
		{F5FE2EDE-ADB6-4333-986E-64BE07E5F955}.Release|Any CPU.ActiveCfg = Release|Any CPU
		{F5FE2EDE-ADB6-4333-986E-64BE07E5F955}.Release|Any CPU.Build.0 = Release|Any CPU
		{F5FE2EDE-ADB6-4333-986E-64BE07E5F955}.Release|x64.ActiveCfg = Release|Any CPU
		{F5FE2EDE-ADB6-4333-986E-64BE07E5F955}.Release|x64.Build.0 = Release|Any CPU
		{F5FE2EDE-ADB6-4333-986E-64BE07E5F955}.Release|x86.ActiveCfg = Release|Any CPU
		{F5FE2EDE-ADB6-4333-986E-64BE07E5F955}.Release|x86.Build.0 = Release|Any CPU
		{11CBFD0A-5F42-410F-A3A0-934687269C54}.Debug|Any CPU.ActiveCfg = Debug|Any CPU
		{11CBFD0A-5F42-410F-A3A0-934687269C54}.Debug|Any CPU.Build.0 = Debug|Any CPU
		{11CBFD0A-5F42-410F-A3A0-934687269C54}.Debug|x64.ActiveCfg = Debug|Any CPU
		{11CBFD0A-5F42-410F-A3A0-934687269C54}.Debug|x64.Build.0 = Debug|Any CPU
		{11CBFD0A-5F42-410F-A3A0-934687269C54}.Debug|x86.ActiveCfg = Debug|Any CPU
		{11CBFD0A-5F42-410F-A3A0-934687269C54}.Debug|x86.Build.0 = Debug|Any CPU
		{11CBFD0A-5F42-410F-A3A0-934687269C54}.Release|Any CPU.ActiveCfg = Release|Any CPU
		{11CBFD0A-5F42-410F-A3A0-934687269C54}.Release|Any CPU.Build.0 = Release|Any CPU
		{11CBFD0A-5F42-410F-A3A0-934687269C54}.Release|x64.ActiveCfg = Release|Any CPU
		{11CBFD0A-5F42-410F-A3A0-934687269C54}.Release|x64.Build.0 = Release|Any CPU
		{11CBFD0A-5F42-410F-A3A0-934687269C54}.Release|x86.ActiveCfg = Release|Any CPU
		{11CBFD0A-5F42-410F-A3A0-934687269C54}.Release|x86.Build.0 = Release|Any CPU
	EndGlobalSection
	GlobalSection(SolutionProperties) = preSolution
		HideSolutionNode = FALSE
	EndGlobalSection
EndGlobal
